// !$*UTF8*$!
{
	archiveVersion = 1;
	classes = {
	};
	objectVersion = 55;
	objects = {

/* Begin PBXBuildFile section */
		5F86D8E6276A44C5001BB5F4 /* Constants.swift in Sources */ = {isa = PBXBuildFile; fileRef = 5F86D8E5276A44C5001BB5F4 /* Constants.swift */; };
		5F86D8E8276A6FF7001BB5F4 /* ShoppingCart.swift in Sources */ = {isa = PBXBuildFile; fileRef = 5F86D8E7276A6FF7001BB5F4 /* ShoppingCart.swift */; };
		5FBA107B27184A6D00B81A3F /* odaApp.swift in Sources */ = {isa = PBXBuildFile; fileRef = 5FBA107A27184A6D00B81A3F /* odaApp.swift */; };
		5FBA107F27184A7100B81A3F /* Assets.xcassets in Resources */ = {isa = PBXBuildFile; fileRef = 5FBA107E27184A7100B81A3F /* Assets.xcassets */; };
		5FBA108227184A7100B81A3F /* Preview Assets.xcassets in Resources */ = {isa = PBXBuildFile; fileRef = 5FBA108127184A7100B81A3F /* Preview Assets.xcassets */; };
		5FBA108C27185B0C00B81A3F /* EndPoint.swift in Sources */ = {isa = PBXBuildFile; fileRef = 5FBA108B27185B0C00B81A3F /* EndPoint.swift */; };
		5FBA108F27185B7C00B81A3F /* odaViewModel.swift in Sources */ = {isa = PBXBuildFile; fileRef = 5FBA108E27185B7C00B81A3F /* odaViewModel.swift */; };
		5FBA109227185D0C00B81A3F /* OdaModel.swift in Sources */ = {isa = PBXBuildFile; fileRef = 5FBA109127185D0C00B81A3F /* OdaModel.swift */; };
		5FBA109427185D2100B81A3F /* OdaData.swift in Sources */ = {isa = PBXBuildFile; fileRef = 5FBA109327185D2100B81A3F /* OdaData.swift */; };
		5FBA109A2719BDF500B81A3F /* SDWebImageSwiftUI in Frameworks */ = {isa = PBXBuildFile; productRef = 5FBA10992719BDF500B81A3F /* SDWebImageSwiftUI */; };
		5FBA109C271AE7C800B81A3F /* DataService.swift in Sources */ = {isa = PBXBuildFile; fileRef = 5FBA109B271AE7C800B81A3F /* DataService.swift */; };
		5FF13C49276B85F100BE38DB /* ThumbnailView.swift in Sources */ = {isa = PBXBuildFile; fileRef = 5FF13C48276B85F100BE38DB /* ThumbnailView.swift */; };
		5FF13C4B276B8E6500BE38DB /* PlusButton.swift in Sources */ = {isa = PBXBuildFile; fileRef = 5FF13C4A276B8E6500BE38DB /* PlusButton.swift */; };
		5FF13C4D276B947800BE38DB /* WhitePlusButton.swift in Sources */ = {isa = PBXBuildFile; fileRef = 5FF13C4C276B947700BE38DB /* WhitePlusButton.swift */; };
		5FF13C50276B95CF00BE38DB /* MinusButton.swift in Sources */ = {isa = PBXBuildFile; fileRef = 5FF13C4F276B95CF00BE38DB /* MinusButton.swift */; };
		5FF13C52276B969C00BE38DB /* Header.swift in Sources */ = {isa = PBXBuildFile; fileRef = 5FF13C51276B969C00BE38DB /* Header.swift */; };
		5FF13C54276B978800BE38DB /* NameView.swift in Sources */ = {isa = PBXBuildFile; fileRef = 5FF13C53276B978800BE38DB /* NameView.swift */; };
		5FF13C56276B987100BE38DB /* NameExtraView.swift in Sources */ = {isa = PBXBuildFile; fileRef = 5FF13C55276B987100BE38DB /* NameExtraView.swift */; };
		5FF13C58276B992A00BE38DB /* PriceView.swift in Sources */ = {isa = PBXBuildFile; fileRef = 5FF13C57276B992A00BE38DB /* PriceView.swift */; };
		5FF13C5A276BA3FC00BE38DB /* PromotionPriceView.swift in Sources */ = {isa = PBXBuildFile; fileRef = 5FF13C59276BA3FC00BE38DB /* PromotionPriceView.swift */; };
		5FF13C5C276BA7AB00BE38DB /* PromotionLabel.swift in Sources */ = {isa = PBXBuildFile; fileRef = 5FF13C5B276BA7AB00BE38DB /* PromotionLabel.swift */; };
		5FF329E0271DE5EC00D1AD0F /* ListView.swift in Sources */ = {isa = PBXBuildFile; fileRef = 5FF329DF271DE5EB00D1AD0F /* ListView.swift */; };
		5FF329EA271E137200D1AD0F /* Rubik.ttf in Resources */ = {isa = PBXBuildFile; fileRef = 5FF329E8271E137200D1AD0F /* Rubik.ttf */; };
/* End PBXBuildFile section */

/* Begin PBXFileReference section */
		5F86D8E5276A44C5001BB5F4 /* Constants.swift */ = {isa = PBXFileReference; lastKnownFileType = sourcecode.swift; path = Constants.swift; sourceTree = "<group>"; };
		5F86D8E7276A6FF7001BB5F4 /* ShoppingCart.swift */ = {isa = PBXFileReference; lastKnownFileType = sourcecode.swift; path = ShoppingCart.swift; sourceTree = "<group>"; };
		5FBA107727184A6D00B81A3F /* oda.app */ = {isa = PBXFileReference; explicitFileType = wrapper.application; includeInIndex = 0; path = oda.app; sourceTree = BUILT_PRODUCTS_DIR; };
		5FBA107A27184A6D00B81A3F /* odaApp.swift */ = {isa = PBXFileReference; lastKnownFileType = sourcecode.swift; path = odaApp.swift; sourceTree = "<group>"; };
		5FBA107E27184A7100B81A3F /* Assets.xcassets */ = {isa = PBXFileReference; lastKnownFileType = folder.assetcatalog; path = Assets.xcassets; sourceTree = "<group>"; };
		5FBA108127184A7100B81A3F /* Preview Assets.xcassets */ = {isa = PBXFileReference; lastKnownFileType = folder.assetcatalog; path = "Preview Assets.xcassets"; sourceTree = "<group>"; };
		5FBA108B27185B0C00B81A3F /* EndPoint.swift */ = {isa = PBXFileReference; lastKnownFileType = sourcecode.swift; path = EndPoint.swift; sourceTree = "<group>"; };
		5FBA108E27185B7C00B81A3F /* odaViewModel.swift */ = {isa = PBXFileReference; lastKnownFileType = sourcecode.swift; path = odaViewModel.swift; sourceTree = "<group>"; };
		5FBA109127185D0C00B81A3F /* OdaModel.swift */ = {isa = PBXFileReference; lastKnownFileType = sourcecode.swift; path = OdaModel.swift; sourceTree = "<group>"; };
		5FBA109327185D2100B81A3F /* OdaData.swift */ = {isa = PBXFileReference; lastKnownFileType = sourcecode.swift; path = OdaData.swift; sourceTree = "<group>"; };
		5FBA109B271AE7C800B81A3F /* DataService.swift */ = {isa = PBXFileReference; lastKnownFileType = sourcecode.swift; path = DataService.swift; sourceTree = "<group>"; };
		5FF13C48276B85F100BE38DB /* ThumbnailView.swift */ = {isa = PBXFileReference; lastKnownFileType = sourcecode.swift; path = ThumbnailView.swift; sourceTree = "<group>"; };
		5FF13C4A276B8E6500BE38DB /* PlusButton.swift */ = {isa = PBXFileReference; lastKnownFileType = sourcecode.swift; path = PlusButton.swift; sourceTree = "<group>"; };
		5FF13C4C276B947700BE38DB /* WhitePlusButton.swift */ = {isa = PBXFileReference; lastKnownFileType = sourcecode.swift; path = WhitePlusButton.swift; sourceTree = "<group>"; };
		5FF13C4F276B95CF00BE38DB /* MinusButton.swift */ = {isa = PBXFileReference; lastKnownFileType = sourcecode.swift; path = MinusButton.swift; sourceTree = "<group>"; };
		5FF13C51276B969C00BE38DB /* Header.swift */ = {isa = PBXFileReference; lastKnownFileType = sourcecode.swift; path = Header.swift; sourceTree = "<group>"; };
		5FF13C53276B978800BE38DB /* NameView.swift */ = {isa = PBXFileReference; lastKnownFileType = sourcecode.swift; path = NameView.swift; sourceTree = "<group>"; };
		5FF13C55276B987100BE38DB /* NameExtraView.swift */ = {isa = PBXFileReference; lastKnownFileType = sourcecode.swift; path = NameExtraView.swift; sourceTree = "<group>"; };
		5FF13C57276B992A00BE38DB /* PriceView.swift */ = {isa = PBXFileReference; lastKnownFileType = sourcecode.swift; path = PriceView.swift; sourceTree = "<group>"; };
		5FF13C59276BA3FC00BE38DB /* PromotionPriceView.swift */ = {isa = PBXFileReference; lastKnownFileType = sourcecode.swift; path = PromotionPriceView.swift; sourceTree = "<group>"; };
		5FF13C5B276BA7AB00BE38DB /* PromotionLabel.swift */ = {isa = PBXFileReference; lastKnownFileType = sourcecode.swift; path = PromotionLabel.swift; sourceTree = "<group>"; };
		5FF329DF271DE5EB00D1AD0F /* ListView.swift */ = {isa = PBXFileReference; lastKnownFileType = sourcecode.swift; path = ListView.swift; sourceTree = "<group>"; };
		5FF329E8271E137200D1AD0F /* Rubik.ttf */ = {isa = PBXFileReference; lastKnownFileType = file; path = Rubik.ttf; sourceTree = "<group>"; };
		5FF329EC271E15FF00D1AD0F /* Info.plist */ = {isa = PBXFileReference; lastKnownFileType = text.plist; path = Info.plist; sourceTree = "<group>"; };
/* End PBXFileReference section */

/* Begin PBXFrameworksBuildPhase section */
		5FBA107427184A6D00B81A3F /* Frameworks */ = {
			isa = PBXFrameworksBuildPhase;
			buildActionMask = 2147483647;
			files = (
				5FBA109A2719BDF500B81A3F /* SDWebImageSwiftUI in Frameworks */,
			);
			runOnlyForDeploymentPostprocessing = 0;
		};
/* End PBXFrameworksBuildPhase section */

/* Begin PBXGroup section */
		5F86D8E4276A44AC001BB5F4 /* Consts */ = {
			isa = PBXGroup;
			children = (
				5F86D8E5276A44C5001BB5F4 /* Constants.swift */,
			);
			path = Consts;
			sourceTree = "<group>";
		};
		5FBA106E27184A6D00B81A3F = {
			isa = PBXGroup;
			children = (
				5FBA107927184A6D00B81A3F /* oda */,
				5FBA107827184A6D00B81A3F /* Products */,
			);
			sourceTree = "<group>";
		};
		5FBA107827184A6D00B81A3F /* Products */ = {
			isa = PBXGroup;
			children = (
				5FBA107727184A6D00B81A3F /* oda.app */,
			);
			name = Products;
			sourceTree = "<group>";
		};
		5FBA107927184A6D00B81A3F /* oda */ = {
			isa = PBXGroup;
			children = (
				5F86D8E4276A44AC001BB5F4 /* Consts */,
				5FF329EC271E15FF00D1AD0F /* Info.plist */,
				5FF329E6271E134300D1AD0F /* Shared */,
				5FBA1095271998D800B81A3F /* View */,
				5FBA109027185CF100B81A3F /* Model */,
				5FBA108D27185B6200B81A3F /* ViewModel */,
				5FBA107A27184A6D00B81A3F /* odaApp.swift */,
				5FBA108A27185AF300B81A3F /* DataService */,
				5FBA107E27184A7100B81A3F /* Assets.xcassets */,
				5FBA108027184A7100B81A3F /* Preview Content */,
			);
			path = oda;
			sourceTree = "<group>";
		};
		5FBA108027184A7100B81A3F /* Preview Content */ = {
			isa = PBXGroup;
			children = (
				5FBA108127184A7100B81A3F /* Preview Assets.xcassets */,
			);
			path = "Preview Content";
			sourceTree = "<group>";
		};
		5FBA108A27185AF300B81A3F /* DataService */ = {
			isa = PBXGroup;
			children = (
				5FBA108B27185B0C00B81A3F /* EndPoint.swift */,
				5FBA109B271AE7C800B81A3F /* DataService.swift */,
			);
			path = DataService;
			sourceTree = "<group>";
		};
		5FBA108D27185B6200B81A3F /* ViewModel */ = {
			isa = PBXGroup;
			children = (
				5FBA108E27185B7C00B81A3F /* odaViewModel.swift */,
			);
			path = ViewModel;
			sourceTree = "<group>";
		};
		5FBA109027185CF100B81A3F /* Model */ = {
			isa = PBXGroup;
			children = (
				5FBA109127185D0C00B81A3F /* OdaModel.swift */,
				5FBA109327185D2100B81A3F /* OdaData.swift */,
			);
			path = Model;
			sourceTree = "<group>";
		};
		5FBA1095271998D800B81A3F /* View */ = {
			isa = PBXGroup;
			children = (
				5FF13C4E276B95A900BE38DB /* Buttons */,
				5FF329DF271DE5EB00D1AD0F /* ListView.swift */,
				5FF13C57276B992A00BE38DB /* PriceView.swift */,
				5FF13C59276BA3FC00BE38DB /* PromotionPriceView.swift */,
				5FF13C55276B987100BE38DB /* NameExtraView.swift */,
				5FF13C53276B978800BE38DB /* NameView.swift */,
				5FF13C48276B85F100BE38DB /* ThumbnailView.swift */,
				5F86D8E7276A6FF7001BB5F4 /* ShoppingCart.swift */,
				5FF13C51276B969C00BE38DB /* Header.swift */,
				5FF13C5B276BA7AB00BE38DB /* PromotionLabel.swift */,
			);
			path = View;
			sourceTree = "<group>";
		};
		5FF13C4E276B95A900BE38DB /* Buttons */ = {
			isa = PBXGroup;
			children = (
				5FF13C4C276B947700BE38DB /* WhitePlusButton.swift */,
				5FF13C4F276B95CF00BE38DB /* MinusButton.swift */,
				5FF13C4A276B8E6500BE38DB /* PlusButton.swift */,
			);
			path = Buttons;
			sourceTree = "<group>";
		};
		5FF329E6271E134300D1AD0F /* Shared */ = {
			isa = PBXGroup;
			children = (
				5FF329E7271E134F00D1AD0F /* Fonts */,
			);
			path = Shared;
			sourceTree = "<group>";
		};
		5FF329E7271E134F00D1AD0F /* Fonts */ = {
			isa = PBXGroup;
			children = (
				5FF329E8271E137200D1AD0F /* Rubik.ttf */,
			);
			path = Fonts;
			sourceTree = "<group>";
		};
/* End PBXGroup section */

/* Begin PBXNativeTarget section */
		5FBA107627184A6D00B81A3F /* oda */ = {
			isa = PBXNativeTarget;
			buildConfigurationList = 5FBA108527184A7100B81A3F /* Build configuration list for PBXNativeTarget "oda" */;
			buildPhases = (
				5FBA107327184A6D00B81A3F /* Sources */,
				5FBA107427184A6D00B81A3F /* Frameworks */,
				5FBA107527184A6D00B81A3F /* Resources */,
			);
			buildRules = (
			);
			dependencies = (
			);
			name = oda;
			packageProductDependencies = (
				5FBA10992719BDF500B81A3F /* SDWebImageSwiftUI */,
			);
			productName = oda;
			productReference = 5FBA107727184A6D00B81A3F /* oda.app */;
			productType = "com.apple.product-type.application";
		};
/* End PBXNativeTarget section */

/* Begin PBXProject section */
		5FBA106F27184A6D00B81A3F /* Project object */ = {
			isa = PBXProject;
			attributes = {
				BuildIndependentTargetsInParallel = 1;
				LastSwiftUpdateCheck = 1300;
				LastUpgradeCheck = 1300;
				TargetAttributes = {
					5FBA107627184A6D00B81A3F = {
						CreatedOnToolsVersion = 13.0;
					};
				};
			};
			buildConfigurationList = 5FBA107227184A6D00B81A3F /* Build configuration list for PBXProject "oda" */;
			compatibilityVersion = "Xcode 13.0";
			developmentRegion = en;
			hasScannedForEncodings = 0;
			knownRegions = (
				en,
				Base,
			);
			mainGroup = 5FBA106E27184A6D00B81A3F;
			packageReferences = (
				5FBA10982719BDF500B81A3F /* XCRemoteSwiftPackageReference "SDWebImageSwiftUI" */,
			);
			productRefGroup = 5FBA107827184A6D00B81A3F /* Products */;
			projectDirPath = "";
			projectRoot = "";
			targets = (
				5FBA107627184A6D00B81A3F /* oda */,
			);
		};
/* End PBXProject section */

/* Begin PBXResourcesBuildPhase section */
		5FBA107527184A6D00B81A3F /* Resources */ = {
			isa = PBXResourcesBuildPhase;
			buildActionMask = 2147483647;
			files = (
				5FF329EA271E137200D1AD0F /* Rubik.ttf in Resources */,
				5FBA108227184A7100B81A3F /* Preview Assets.xcassets in Resources */,
				5FBA107F27184A7100B81A3F /* Assets.xcassets in Resources */,
			);
			runOnlyForDeploymentPostprocessing = 0;
		};
/* End PBXResourcesBuildPhase section */

/* Begin PBXSourcesBuildPhase section */
		5FBA107327184A6D00B81A3F /* Sources */ = {
			isa = PBXSourcesBuildPhase;
			buildActionMask = 2147483647;
			files = (
				5F86D8E6276A44C5001BB5F4 /* Constants.swift in Sources */,
				5FF13C4D276B947800BE38DB /* WhitePlusButton.swift in Sources */,
				5FF13C54276B978800BE38DB /* NameView.swift in Sources */,
				5FBA108C27185B0C00B81A3F /* EndPoint.swift in Sources */,
				5FF13C58276B992A00BE38DB /* PriceView.swift in Sources */,
				5FBA109227185D0C00B81A3F /* OdaModel.swift in Sources */,
				5F86D8E8276A6FF7001BB5F4 /* ShoppingCart.swift in Sources */,
				5FBA109427185D2100B81A3F /* OdaData.swift in Sources */,
				5FBA108F27185B7C00B81A3F /* odaViewModel.swift in Sources */,
				5FBA107B27184A6D00B81A3F /* odaApp.swift in Sources */,
				5FF13C5C276BA7AB00BE38DB /* PromotionLabel.swift in Sources */,
				5FF13C49276B85F100BE38DB /* ThumbnailView.swift in Sources */,
				5FBA109C271AE7C800B81A3F /* DataService.swift in Sources */,
				5FF13C5A276BA3FC00BE38DB /* PromotionPriceView.swift in Sources */,
				5FF13C52276B969C00BE38DB /* Header.swift in Sources */,
				5FF13C4B276B8E6500BE38DB /* PlusButton.swift in Sources */,
				5FF13C50276B95CF00BE38DB /* MinusButton.swift in Sources */,
				5FF13C56276B987100BE38DB /* NameExtraView.swift in Sources */,
				5FF329E0271DE5EC00D1AD0F /* ListView.swift in Sources */,
			);
			runOnlyForDeploymentPostprocessing = 0;
		};
/* End PBXSourcesBuildPhase section */

/* Begin XCBuildConfiguration section */
		5FBA108327184A7100B81A3F /* Debug */ = {
			isa = XCBuildConfiguration;
			buildSettings = {
				ALWAYS_SEARCH_USER_PATHS = NO;
				CLANG_ANALYZER_NONNULL = YES;
				CLANG_ANALYZER_NUMBER_OBJECT_CONVERSION = YES_AGGRESSIVE;
				CLANG_CXX_LANGUAGE_STANDARD = "gnu++17";
				CLANG_CXX_LIBRARY = "libc++";
				CLANG_ENABLE_MODULES = YES;
				CLANG_ENABLE_OBJC_ARC = YES;
				CLANG_ENABLE_OBJC_WEAK = YES;
				CLANG_WARN_BLOCK_CAPTURE_AUTORELEASING = YES;
				CLANG_WARN_BOOL_CONVERSION = YES;
				CLANG_WARN_COMMA = YES;
				CLANG_WARN_CONSTANT_CONVERSION = YES;
				CLANG_WARN_DEPRECATED_OBJC_IMPLEMENTATIONS = YES;
				CLANG_WARN_DIRECT_OBJC_ISA_USAGE = YES_ERROR;
				CLANG_WARN_DOCUMENTATION_COMMENTS = YES;
				CLANG_WARN_EMPTY_BODY = YES;
				CLANG_WARN_ENUM_CONVERSION = YES;
				CLANG_WARN_INFINITE_RECURSION = YES;
				CLANG_WARN_INT_CONVERSION = YES;
				CLANG_WARN_NON_LITERAL_NULL_CONVERSION = YES;
				CLANG_WARN_OBJC_IMPLICIT_RETAIN_SELF = YES;
				CLANG_WARN_OBJC_LITERAL_CONVERSION = YES;
				CLANG_WARN_OBJC_ROOT_CLASS = YES_ERROR;
				CLANG_WARN_QUOTED_INCLUDE_IN_FRAMEWORK_HEADER = YES;
				CLANG_WARN_RANGE_LOOP_ANALYSIS = YES;
				CLANG_WARN_STRICT_PROTOTYPES = YES;
				CLANG_WARN_SUSPICIOUS_MOVE = YES;
				CLANG_WARN_UNGUARDED_AVAILABILITY = YES_AGGRESSIVE;
				CLANG_WARN_UNREACHABLE_CODE = YES;
				CLANG_WARN__DUPLICATE_METHOD_MATCH = YES;
				COPY_PHASE_STRIP = NO;
				DEBUG_INFORMATION_FORMAT = dwarf;
				ENABLE_STRICT_OBJC_MSGSEND = YES;
				ENABLE_TESTABILITY = YES;
				GCC_C_LANGUAGE_STANDARD = gnu11;
				GCC_DYNAMIC_NO_PIC = NO;
				GCC_NO_COMMON_BLOCKS = YES;
				GCC_OPTIMIZATION_LEVEL = 0;
				GCC_PREPROCESSOR_DEFINITIONS = (
					"DEBUG=1",
					"$(inherited)",
				);
				GCC_WARN_64_TO_32_BIT_CONVERSION = YES;
				GCC_WARN_ABOUT_RETURN_TYPE = YES_ERROR;
				GCC_WARN_UNDECLARED_SELECTOR = YES;
				GCC_WARN_UNINITIALIZED_AUTOS = YES_AGGRESSIVE;
				GCC_WARN_UNUSED_FUNCTION = YES;
				GCC_WARN_UNUSED_VARIABLE = YES;
				IPHONEOS_DEPLOYMENT_TARGET = 15.0;
				MTL_ENABLE_DEBUG_INFO = INCLUDE_SOURCE;
				MTL_FAST_MATH = YES;
				ONLY_ACTIVE_ARCH = YES;
				SDKROOT = iphoneos;
				SWIFT_ACTIVE_COMPILATION_CONDITIONS = DEBUG;
				SWIFT_OPTIMIZATION_LEVEL = "-Onone";
			};
			name = Debug;
		};
		5FBA108427184A7100B81A3F /* Release */ = {
			isa = XCBuildConfiguration;
			buildSettings = {
				ALWAYS_SEARCH_USER_PATHS = NO;
				CLANG_ANALYZER_NONNULL = YES;
				CLANG_ANALYZER_NUMBER_OBJECT_CONVERSION = YES_AGGRESSIVE;
				CLANG_CXX_LANGUAGE_STANDARD = "gnu++17";
				CLANG_CXX_LIBRARY = "libc++";
				CLANG_ENABLE_MODULES = YES;
				CLANG_ENABLE_OBJC_ARC = YES;
				CLANG_ENABLE_OBJC_WEAK = YES;
				CLANG_WARN_BLOCK_CAPTURE_AUTORELEASING = YES;
				CLANG_WARN_BOOL_CONVERSION = YES;
				CLANG_WARN_COMMA = YES;
				CLANG_WARN_CONSTANT_CONVERSION = YES;
				CLANG_WARN_DEPRECATED_OBJC_IMPLEMENTATIONS = YES;
				CLANG_WARN_DIRECT_OBJC_ISA_USAGE = YES_ERROR;
				CLANG_WARN_DOCUMENTATION_COMMENTS = YES;
				CLANG_WARN_EMPTY_BODY = YES;
				CLANG_WARN_ENUM_CONVERSION = YES;
				CLANG_WARN_INFINITE_RECURSION = YES;
				CLANG_WARN_INT_CONVERSION = YES;
				CLANG_WARN_NON_LITERAL_NULL_CONVERSION = YES;
				CLANG_WARN_OBJC_IMPLICIT_RETAIN_SELF = YES;
				CLANG_WARN_OBJC_LITERAL_CONVERSION = YES;
				CLANG_WARN_OBJC_ROOT_CLASS = YES_ERROR;
				CLANG_WARN_QUOTED_INCLUDE_IN_FRAMEWORK_HEADER = YES;
				CLANG_WARN_RANGE_LOOP_ANALYSIS = YES;
				CLANG_WARN_STRICT_PROTOTYPES = YES;
				CLANG_WARN_SUSPICIOUS_MOVE = YES;
				CLANG_WARN_UNGUARDED_AVAILABILITY = YES_AGGRESSIVE;
				CLANG_WARN_UNREACHABLE_CODE = YES;
				CLANG_WARN__DUPLICATE_METHOD_MATCH = YES;
				COPY_PHASE_STRIP = NO;
				DEBUG_INFORMATION_FORMAT = "dwarf-with-dsym";
				ENABLE_NS_ASSERTIONS = NO;
				ENABLE_STRICT_OBJC_MSGSEND = YES;
				GCC_C_LANGUAGE_STANDARD = gnu11;
				GCC_NO_COMMON_BLOCKS = YES;
				GCC_WARN_64_TO_32_BIT_CONVERSION = YES;
				GCC_WARN_ABOUT_RETURN_TYPE = YES_ERROR;
				GCC_WARN_UNDECLARED_SELECTOR = YES;
				GCC_WARN_UNINITIALIZED_AUTOS = YES_AGGRESSIVE;
				GCC_WARN_UNUSED_FUNCTION = YES;
				GCC_WARN_UNUSED_VARIABLE = YES;
				IPHONEOS_DEPLOYMENT_TARGET = 15.0;
				MTL_ENABLE_DEBUG_INFO = NO;
				MTL_FAST_MATH = YES;
				SDKROOT = iphoneos;
				SWIFT_COMPILATION_MODE = wholemodule;
				SWIFT_OPTIMIZATION_LEVEL = "-O";
				VALIDATE_PRODUCT = YES;
			};
			name = Release;
		};
		5FBA108627184A7100B81A3F /* Debug */ = {
			isa = XCBuildConfiguration;
			buildSettings = {
				ASSETCATALOG_COMPILER_APPICON_NAME = AppIcon;
				ASSETCATALOG_COMPILER_GLOBAL_ACCENT_COLOR_NAME = AccentColor;
				ASSETCATALOG_COMPILER_INCLUDE_ALL_APPICON_ASSETS = NO;
				CODE_SIGN_STYLE = Automatic;
				CURRENT_PROJECT_VERSION = 1;
				DEVELOPMENT_ASSET_PATHS = "\"oda/Preview Content\"";
				ENABLE_PREVIEWS = YES;
				GENERATE_INFOPLIST_FILE = YES;
				INFOPLIST_FILE = oda/Info.plist;
				INFOPLIST_KEY_UIApplicationSceneManifest_Generation = YES;
				INFOPLIST_KEY_UIApplicationSupportsIndirectInputEvents = YES;
				INFOPLIST_KEY_UILaunchScreen_Generation = YES;
				INFOPLIST_KEY_UISupportedInterfaceOrientations_iPad = "UIInterfaceOrientationPortrait UIInterfaceOrientationPortraitUpsideDown UIInterfaceOrientationLandscapeLeft UIInterfaceOrientationLandscapeRight";
				INFOPLIST_KEY_UISupportedInterfaceOrientations_iPhone = "UIInterfaceOrientationPortrait UIInterfaceOrientationLandscapeLeft UIInterfaceOrientationLandscapeRight";
				IPHONEOS_DEPLOYMENT_TARGET = 14.0;
				LD_RUNPATH_SEARCH_PATHS = (
					"$(inherited)",
					"@executable_path/Frameworks",
				);
				MARKETING_VERSION = 1.0;
				PRODUCT_BUNDLE_IDENTIFIER = FAP2100.oda;
				PRODUCT_NAME = "$(TARGET_NAME)";
				SWIFT_EMIT_LOC_STRINGS = YES;
				SWIFT_VERSION = 5.0;
				TARGETED_DEVICE_FAMILY = "1,2";
			};
			name = Debug;
		};
		5FBA108727184A7100B81A3F /* Release */ = {
			isa = XCBuildConfiguration;
			buildSettings = {
				ASSETCATALOG_COMPILER_APPICON_NAME = AppIcon;
				ASSETCATALOG_COMPILER_GLOBAL_ACCENT_COLOR_NAME = AccentColor;
				ASSETCATALOG_COMPILER_INCLUDE_ALL_APPICON_ASSETS = NO;
				CODE_SIGN_STYLE = Automatic;
				CURRENT_PROJECT_VERSION = 1;
				DEVELOPMENT_ASSET_PATHS = "\"oda/Preview Content\"";
				ENABLE_PREVIEWS = YES;
				GENERATE_INFOPLIST_FILE = YES;
				INFOPLIST_FILE = oda/Info.plist;
				INFOPLIST_KEY_UIApplicationSceneManifest_Generation = YES;
				INFOPLIST_KEY_UIApplicationSupportsIndirectInputEvents = YES;
				INFOPLIST_KEY_UILaunchScreen_Generation = YES;
				INFOPLIST_KEY_UISupportedInterfaceOrientations_iPad = "UIInterfaceOrientationPortrait UIInterfaceOrientationPortraitUpsideDown UIInterfaceOrientationLandscapeLeft UIInterfaceOrientationLandscapeRight";
				INFOPLIST_KEY_UISupportedInterfaceOrientations_iPhone = "UIInterfaceOrientationPortrait UIInterfaceOrientationLandscapeLeft UIInterfaceOrientationLandscapeRight";
				IPHONEOS_DEPLOYMENT_TARGET = 14.0;
				LD_RUNPATH_SEARCH_PATHS = (
					"$(inherited)",
					"@executable_path/Frameworks",
				);
				MARKETING_VERSION = 1.0;
				PRODUCT_BUNDLE_IDENTIFIER = FAP2100.oda;
				PRODUCT_NAME = "$(TARGET_NAME)";
				SWIFT_EMIT_LOC_STRINGS = YES;
				SWIFT_VERSION = 5.0;
				TARGETED_DEVICE_FAMILY = "1,2";
			};
			name = Release;
		};
/* End XCBuildConfiguration section */

/* Begin XCConfigurationList section */
		5FBA107227184A6D00B81A3F /* Build configuration list for PBXProject "oda" */ = {
			isa = XCConfigurationList;
			buildConfigurations = (
				5FBA108327184A7100B81A3F /* Debug */,
				5FBA108427184A7100B81A3F /* Release */,
			);
			defaultConfigurationIsVisible = 0;
			defaultConfigurationName = Release;
		};
		5FBA108527184A7100B81A3F /* Build configuration list for PBXNativeTarget "oda" */ = {
			isa = XCConfigurationList;
			buildConfigurations = (
				5FBA108627184A7100B81A3F /* Debug */,
				5FBA108727184A7100B81A3F /* Release */,
			);
			defaultConfigurationIsVisible = 0;
			defaultConfigurationName = Release;
		};
/* End XCConfigurationList section */

/* Begin XCRemoteSwiftPackageReference section */
		5FBA10982719BDF500B81A3F /* XCRemoteSwiftPackageReference "SDWebImageSwiftUI" */ = {
			isa = XCRemoteSwiftPackageReference;
			repositoryURL = "https://github.com/SDWebImage/SDWebImageSwiftUI";
			requirement = {
				branch = master;
				kind = branch;
			};
		};
/* End XCRemoteSwiftPackageReference section */

/* Begin XCSwiftPackageProductDependency section */
		5FBA10992719BDF500B81A3F /* SDWebImageSwiftUI */ = {
			isa = XCSwiftPackageProductDependency;
			package = 5FBA10982719BDF500B81A3F /* XCRemoteSwiftPackageReference "SDWebImageSwiftUI" */;
			productName = SDWebImageSwiftUI;
		};
/* End XCSwiftPackageProductDependency section */
	};
	rootObject = 5FBA106F27184A6D00B81A3F /* Project object */;
}
